
Microsoft Visual Studio Solution File, Format Version 12.00
# Visual Studio 15
VisualStudioVersion = 15.0.28307.1321
MinimumVisualStudioVersion = 10.0.40219.1
Project("{FAE04EC0-301F-11D3-BF4B-00C04F79EFBC}") = "FSWDFinalProject.UI.MVC", "FSWDFinalProject.UI.MVC\FSWDFinalProject.UI.MVC.csproj", "{60B38F59-5B34-47E9-AB45-36CA54156244}"
EndProject
Project("{FAE04EC0-301F-11D3-BF4B-00C04F79EFBC}") = "FSWDFinalProject.DATA.EF", "FSWDFinalProject.DATA.EF\FSWDFinalProject.DATA.EF.csproj", "{E623DE66-8C68-4801-B507-D92C53C883FD}"
EndProject
Global
	GlobalSection(SolutionConfigurationPlatforms) = preSolution
		Debug|Any CPU = Debug|Any CPU
		Release|Any CPU = Release|Any CPU
	EndGlobalSection
	GlobalSection(ProjectConfigurationPlatforms) = postSolution
		{60B38F59-5B34-47E9-AB45-36CA54156244}.Debug|Any CPU.ActiveCfg = Debug|Any CPU
		{60B38F59-5B34-47E9-AB45-36CA54156244}.Debug|Any CPU.Build.0 = Debug|Any CPU
		{60B38F59-5B34-47E9-AB45-36CA54156244}.Release|Any CPU.ActiveCfg = Release|Any CPU
		{60B38F59-5B34-47E9-AB45-36CA54156244}.Release|Any CPU.Build.0 = Release|Any CPU
		{E623DE66-8C68-4801-B507-D92C53C883FD}.Debug|Any CPU.ActiveCfg = Debug|Any CPU
		{E623DE66-8C68-4801-B507-D92C53C883FD}.Debug|Any CPU.Build.0 = Debug|Any CPU
		{E623DE66-8C68-4801-B507-D92C53C883FD}.Release|Any CPU.ActiveCfg = Release|Any CPU
		{E623DE66-8C68-4801-B507-D92C53C883FD}.Release|Any CPU.Build.0 = Release|Any CPU
	EndGlobalSection
	GlobalSection(SolutionProperties) = preSolution
		HideSolutionNode = FALSE
	EndGlobalSection
	GlobalSection(ExtensibilityGlobals) = postSolution
		SolutionGuid = {01C3907F-270A-47C1-A710-0FE663BEFE4D}
	EndGlobalSection
EndGlobal
